
Microsoft Visual Studio Solution File, Format Version 11.00
# Visual Studio 2010
Project("{FAE04EC0-301F-11D3-BF4B-00C04F79EFBC}") = "Assembly-CSharp", "Assembly-CSharp.csproj", "{b5cab5cb-b710-8417-05b9-251abd1110b7}"
EndProject
Project("{FAE04EC0-301F-11D3-BF4B-00C04F79EFBC}") = "Assembly-CSharp-Editor", "Assembly-CSharp-Editor.csproj", "{a207b032-ad1f-6690-987f-af9288e6384f}"
EndProject
Global
	GlobalSection(SolutionConfigurationPlatforms) = preSolution
		Debug|Any CPU = Debug|Any CPU
	EndGlobalSection
	GlobalSection(ProjectConfigurationPlatforms) = postSolution
		{b5cab5cb-b710-8417-05b9-251abd1110b7}.Debug|Any CPU.ActiveCfg = Debug|Any CPU
		{b5cab5cb-b710-8417-05b9-251abd1110b7}.Debug|Any CPU.Build.0 = Debug|Any CPU
		{a207b032-ad1f-6690-987f-af9288e6384f}.Debug|Any CPU.ActiveCfg = Debug|Any CPU
		{a207b032-ad1f-6690-987f-af9288e6384f}.Debug|Any CPU.Build.0 = Debug|Any CPU
	EndGlobalSection
	GlobalSection(SolutionProperties) = preSolution
		HideSolutionNode = FALSE
	EndGlobalSection
EndGlobal
